
Microsoft Visual Studio Solution File, Format Version 12.00
# Visual Studio Version 17
VisualStudioVersion = 17.4.33213.308
MinimumVisualStudioVersion = 10.0.40219.1
Project("{FAE04EC0-301F-11D3-BF4B-00C04F79EFBC}") = "BulkyWeb", "BulkyWeb\BulkyWeb.csproj", "{739A4D4B-C47A-43CA-96AD-BA3E5600AC9F}"
EndProject
Global
	GlobalSection(SolutionConfigurationPlatforms) = preSolution
		Debug|Any CPU = Debug|Any CPU
		Release|Any CPU = Release|Any CPU
	EndGlobalSection
	GlobalSection(ProjectConfigurationPlatforms) = postSolution
		{739A4D4B-C47A-43CA-96AD-BA3E5600AC9F}.Debug|Any CPU.ActiveCfg = Debug|Any CPU
		{739A4D4B-C47A-43CA-96AD-BA3E5600AC9F}.Debug|Any CPU.Build.0 = Debug|Any CPU
		{739A4D4B-C47A-43CA-96AD-BA3E5600AC9F}.Release|Any CPU.ActiveCfg = Release|Any CPU
		{739A4D4B-C47A-43CA-96AD-BA3E5600AC9F}.Release|Any CPU.Build.0 = Release|Any CPU
	EndGlobalSection
	GlobalSection(SolutionProperties) = preSolution
		HideSolutionNode = FALSE
	EndGlobalSection
	GlobalSection(ExtensibilityGlobals) = postSolution
		SolutionGuid = {892A7A79-B03B-4E18-BDD3-96D0DA842B5D}
	EndGlobalSection
EndGlobal
