
Microsoft Visual Studio Solution File, Format Version 12.00
# Visual Studio Version 17
VisualStudioVersion = 17.4.33213.308
MinimumVisualStudioVersion = 10.0.40219.1
Project("{9A19103F-16F7-4668-BE54-9A1E7A4F7556}") = "BulkyWeb", "BulkyWeb\BulkyWeb.csproj", "{739A4D4B-C47A-43CA-96AD-BA3E5600AC9F}"
EndProject
Project("{9A19103F-16F7-4668-BE54-9A1E7A4F7556}") = "BulkyWebRazor_Temp", "BulkyWebRazor_Temp\BulkyWebRazor_Temp.csproj", "{4703E843-FC20-4CC4-937F-08D672A82CAA}"
EndProject
Project("{FAE04EC0-301F-11D3-BF4B-00C04F79EFBC}") = "Bulky.DataAccess", "Bulky.DataAccess\Bulky.DataAccess.csproj", "{79502900-A80F-4E4E-9E04-269CEA096B29}"
EndProject
Project("{FAE04EC0-301F-11D3-BF4B-00C04F79EFBC}") = "Bulky.Models", "Bulku.Models\Bulky.Models.csproj", "{A4CE1B72-8103-4126-9F09-F0D3E242261F}"
EndProject
Project("{FAE04EC0-301F-11D3-BF4B-00C04F79EFBC}") = "Bulky.Utility", "Bulky.Utility\Bulky.Utility.csproj", "{F6308B32-CC69-4536-B92D-FBE5AC3870B9}"
EndProject
Global
	GlobalSection(SolutionConfigurationPlatforms) = preSolution
		Debug|Any CPU = Debug|Any CPU
		Release|Any CPU = Release|Any CPU
	EndGlobalSection
	GlobalSection(ProjectConfigurationPlatforms) = postSolution
		{739A4D4B-C47A-43CA-96AD-BA3E5600AC9F}.Debug|Any CPU.ActiveCfg = Debug|Any CPU
		{739A4D4B-C47A-43CA-96AD-BA3E5600AC9F}.Debug|Any CPU.Build.0 = Debug|Any CPU
		{739A4D4B-C47A-43CA-96AD-BA3E5600AC9F}.Release|Any CPU.ActiveCfg = Release|Any CPU
		{739A4D4B-C47A-43CA-96AD-BA3E5600AC9F}.Release|Any CPU.Build.0 = Release|Any CPU
		{4703E843-FC20-4CC4-937F-08D672A82CAA}.Debug|Any CPU.ActiveCfg = Debug|Any CPU
		{4703E843-FC20-4CC4-937F-08D672A82CAA}.Debug|Any CPU.Build.0 = Debug|Any CPU
		{4703E843-FC20-4CC4-937F-08D672A82CAA}.Release|Any CPU.ActiveCfg = Release|Any CPU
		{4703E843-FC20-4CC4-937F-08D672A82CAA}.Release|Any CPU.Build.0 = Release|Any CPU
		{79502900-A80F-4E4E-9E04-269CEA096B29}.Debug|Any CPU.ActiveCfg = Debug|Any CPU
		{79502900-A80F-4E4E-9E04-269CEA096B29}.Debug|Any CPU.Build.0 = Debug|Any CPU
		{79502900-A80F-4E4E-9E04-269CEA096B29}.Release|Any CPU.ActiveCfg = Release|Any CPU
		{79502900-A80F-4E4E-9E04-269CEA096B29}.Release|Any CPU.Build.0 = Release|Any CPU
		{A4CE1B72-8103-4126-9F09-F0D3E242261F}.Debug|Any CPU.ActiveCfg = Debug|Any CPU
		{A4CE1B72-8103-4126-9F09-F0D3E242261F}.Debug|Any CPU.Build.0 = Debug|Any CPU
		{A4CE1B72-8103-4126-9F09-F0D3E242261F}.Release|Any CPU.ActiveCfg = Release|Any CPU
		{A4CE1B72-8103-4126-9F09-F0D3E242261F}.Release|Any CPU.Build.0 = Release|Any CPU
		{F6308B32-CC69-4536-B92D-FBE5AC3870B9}.Debug|Any CPU.ActiveCfg = Debug|Any CPU
		{F6308B32-CC69-4536-B92D-FBE5AC3870B9}.Debug|Any CPU.Build.0 = Debug|Any CPU
		{F6308B32-CC69-4536-B92D-FBE5AC3870B9}.Release|Any CPU.ActiveCfg = Release|Any CPU
		{F6308B32-CC69-4536-B92D-FBE5AC3870B9}.Release|Any CPU.Build.0 = Release|Any CPU
	EndGlobalSection
	GlobalSection(SolutionProperties) = preSolution
		HideSolutionNode = FALSE
	EndGlobalSection
	GlobalSection(ExtensibilityGlobals) = postSolution
		SolutionGuid = {892A7A79-B03B-4E18-BDD3-96D0DA842B5D}
	EndGlobalSection
EndGlobal
